// !$*UTF8*$!
{
	archiveVersion = 1;
	classes = {
	};
	objectVersion = 54;
	objects = {

/* Begin PBXBuildFile section */
		00E356F31AD99517003FC87E /* ReduxDemoAppTests.m in Sources */ = {isa = PBXBuildFile; fileRef = 00E356F21AD99517003FC87E /* ReduxDemoAppTests.m */; };
		04CBC0A479E8447CB25F0290 /* Montserrat-MediumItalic.ttf in Resources */ = {isa = PBXBuildFile; fileRef = 1DC6BBEBDCA24E22BDEF0510 /* Montserrat-MediumItalic.ttf */; };
		07016B9496C74441814E1546 /* Montserrat-Light.ttf in Resources */ = {isa = PBXBuildFile; fileRef = EC64E0E7BDCB4900A4B7DCAD /* Montserrat-Light.ttf */; };
		07BDB5C5CA5C4D2FA095F00B /* rubicon-icon-font.ttf in Resources */ = {isa = PBXBuildFile; fileRef = BC1D2E9F519042749ACC2B02 /* rubicon-icon-font.ttf */; };
		13B07FBC1A68108700A75B9A /* AppDelegate.m in Sources */ = {isa = PBXBuildFile; fileRef = 13B07FB01A68108700A75B9A /* AppDelegate.m */; };
		13B07FBF1A68108700A75B9A /* Images.xcassets in Resources */ = {isa = PBXBuildFile; fileRef = 13B07FB51A68108700A75B9A /* Images.xcassets */; };
		13B07FC11A68108700A75B9A /* main.m in Sources */ = {isa = PBXBuildFile; fileRef = 13B07FB71A68108700A75B9A /* main.m */; };
		2DC1563FCC4447F9BC55DB7A /* Roboto_medium.ttf in Resources */ = {isa = PBXBuildFile; fileRef = FCD3980E23224B27A4ABC706 /* Roboto_medium.ttf */; };
		3433D5EF762D455FBE8065F0 /* SimpleLineIcons.ttf in Resources */ = {isa = PBXBuildFile; fileRef = CD2369A0B96549B39761C4A1 /* SimpleLineIcons.ttf */; };
		3A918F2D68B44CD594EC832C /* EvilIcons.ttf in Resources */ = {isa = PBXBuildFile; fileRef = E6AD3CEC2AFE4D46BE88E9AE /* EvilIcons.ttf */; };
		47A0B387D75D4297BFDBDFB0 /* Fontisto.ttf in Resources */ = {isa = PBXBuildFile; fileRef = 20349AAEE42642A98288D975 /* Fontisto.ttf */; };
		4C036985A67D48AF95461A27 /* Montserrat-Thin.ttf in Resources */ = {isa = PBXBuildFile; fileRef = 61B07FF94BFB4F07BBD4C36A /* Montserrat-Thin.ttf */; };
		6035E0EF3EE549D7AF2FCAC3 /* AntDesign.ttf in Resources */ = {isa = PBXBuildFile; fileRef = 5B51BEFBC977490BBCBBD7B1 /* AntDesign.ttf */; };
		6979BA28A3634EF2BBCB04D8 /* FontAwesome5_Regular.ttf in Resources */ = {isa = PBXBuildFile; fileRef = EDB9C37A2A8042D4A20E70C6 /* FontAwesome5_Regular.ttf */; };
		6F9AC35F0BB04F19B332751E /* MaterialIcons.ttf in Resources */ = {isa = PBXBuildFile; fileRef = 0FB19C77A99E4F0D904764CC /* MaterialIcons.ttf */; };
		7BD7F2C1608144759C9DE7F7 /* Zocial.ttf in Resources */ = {isa = PBXBuildFile; fileRef = 7161666BCF8B4837B866186E /* Zocial.ttf */; };
		7E3B3DB10E8A47F0842F0D0D /* FontAwesome.ttf in Resources */ = {isa = PBXBuildFile; fileRef = E7893D86D2C940A7A43B2F24 /* FontAwesome.ttf */; };
		7FEAF60A895B42CFBAEA32E2 /* Montserrat-Bold.ttf in Resources */ = {isa = PBXBuildFile; fileRef = D11F37179CCB467389DC59A7 /* Montserrat-Bold.ttf */; };
		81AB9BB82411601600AC10FF /* LaunchScreen.storyboard in Resources */ = {isa = PBXBuildFile; fileRef = 81AB9BB72411601600AC10FF /* LaunchScreen.storyboard */; };
		840F70A9459E4211AA503755 /* Feather.ttf in Resources */ = {isa = PBXBuildFile; fileRef = 6C722C77455843B7811A8E2F /* Feather.ttf */; };
		86BA04773E79417CB472A70D /* Octicons.ttf in Resources */ = {isa = PBXBuildFile; fileRef = F1E9A8D886EB4584944F10D9 /* Octicons.ttf */; };
		9D890CAC26624C398394616C /* Montserrat-ExtraLight.ttf in Resources */ = {isa = PBXBuildFile; fileRef = 2CC55786421D4667BEB643F2 /* Montserrat-ExtraLight.ttf */; };
		9E1394BE10104CEA8DBF3C58 /* Foundation.ttf in Resources */ = {isa = PBXBuildFile; fileRef = 7DD75AD158064ECABAF285AD /* Foundation.ttf */; };
		A1C6D03643B94102BCE113BC /* MaterialCommunityIcons.ttf in Resources */ = {isa = PBXBuildFile; fileRef = 360622503F37409B9062C8E7 /* MaterialCommunityIcons.ttf */; };
		A58FF82B1C4A46B3AE2B24E0 /* Montserrat-Medium.ttf in Resources */ = {isa = PBXBuildFile; fileRef = 7D61CC3953824205AC9CF676 /* Montserrat-Medium.ttf */; };
		AEB8B77EAA0F4D2CA7889D2C /* Montserrat-SemiBoldItalic.ttf in Resources */ = {isa = PBXBuildFile; fileRef = 771EBD4C3CBF4B3CAA4A2461 /* Montserrat-SemiBoldItalic.ttf */; };
		B02C3EECB2990C7A955695D2 /* libPods-ReduxDemoApp-ReduxDemoAppTests.a in Frameworks */ = {isa = PBXBuildFile; fileRef = C8065E62048D46934EF284EF /* libPods-ReduxDemoApp-ReduxDemoAppTests.a */; };
		B10B90B524D546A08C099CBA /* Entypo.ttf in Resources */ = {isa = PBXBuildFile; fileRef = 5E457C2ABEED484089C97DDF /* Entypo.ttf */; };
		C18B3FCE67EC4267A4E1CA58 /* Ionicons.ttf in Resources */ = {isa = PBXBuildFile; fileRef = 8E7F78846ADB42778634D4C3 /* Ionicons.ttf */; };
		D461B3282CB64FCAB2F0666E /* FontAwesome5_Brands.ttf in Resources */ = {isa = PBXBuildFile; fileRef = 7FA5194840A64E7E9E9D7B1C /* FontAwesome5_Brands.ttf */; };
		DA53E42955574C19F6F80675 /* libPods-ReduxDemoApp.a in Frameworks */ = {isa = PBXBuildFile; fileRef = 42BF175D9BA0C82ECC210F7A /* libPods-ReduxDemoApp.a */; };
		E3DB27FBB483409AB59347A7 /* FontAwesome5_Solid.ttf in Resources */ = {isa = PBXBuildFile; fileRef = A4871BF238FD4E3FB3F2BEF0 /* FontAwesome5_Solid.ttf */; };
		E4D9252C09834F98B213EBE0 /* Montserrat-Italic.ttf in Resources */ = {isa = PBXBuildFile; fileRef = 294CF75E343643668A20CFD1 /* Montserrat-Italic.ttf */; };
		E8284DE238E74E3CBF334F5D /* Montserrat-SemiBold.ttf in Resources */ = {isa = PBXBuildFile; fileRef = 315908FDDD13462DABF40AE0 /* Montserrat-SemiBold.ttf */; };
		F58CBB3FC8694552BABCC353 /* Montserrat-Regular.ttf in Resources */ = {isa = PBXBuildFile; fileRef = 6060F9AC19B84D1AB57B5DC3 /* Montserrat-Regular.ttf */; };
		F81541A5759F4D9697AA28E5 /* Roboto.ttf in Resources */ = {isa = PBXBuildFile; fileRef = 24EB3DE437514B24B05CDC31 /* Roboto.ttf */; };
/* End PBXBuildFile section */

/* Begin PBXContainerItemProxy section */
		00E356F41AD99517003FC87E /* PBXContainerItemProxy */ = {
			isa = PBXContainerItemProxy;
			containerPortal = 83CBB9F71A601CBA00E9B192 /* Project object */;
			proxyType = 1;
			remoteGlobalIDString = 13B07F861A680F5B00A75B9A;
			remoteInfo = ReduxDemoApp;
		};
/* End PBXContainerItemProxy section */

/* Begin PBXFileReference section */
		00E356EE1AD99517003FC87E /* ReduxDemoAppTests.xctest */ = {isa = PBXFileReference; explicitFileType = wrapper.cfbundle; includeInIndex = 0; path = ReduxDemoAppTests.xctest; sourceTree = BUILT_PRODUCTS_DIR; };
		00E356F11AD99517003FC87E /* Info.plist */ = {isa = PBXFileReference; lastKnownFileType = text.plist.xml; path = Info.plist; sourceTree = "<group>"; };
		00E356F21AD99517003FC87E /* ReduxDemoAppTests.m */ = {isa = PBXFileReference; lastKnownFileType = sourcecode.c.objc; path = ReduxDemoAppTests.m; sourceTree = "<group>"; };
		0FB19C77A99E4F0D904764CC /* MaterialIcons.ttf */ = {isa = PBXFileReference; explicitFileType = undefined; fileEncoding = undefined; includeInIndex = 0; lastKnownFileType = unknown; name = MaterialIcons.ttf; path = "../node_modules/native-base/Fonts/MaterialIcons.ttf"; sourceTree = "<group>"; };
		13B07F961A680F5B00A75B9A /* ReduxDemoApp.app */ = {isa = PBXFileReference; explicitFileType = wrapper.application; includeInIndex = 0; path = ReduxDemoApp.app; sourceTree = BUILT_PRODUCTS_DIR; };
		13B07FAF1A68108700A75B9A /* AppDelegate.h */ = {isa = PBXFileReference; fileEncoding = 4; lastKnownFileType = sourcecode.c.h; name = AppDelegate.h; path = ReduxDemoApp/AppDelegate.h; sourceTree = "<group>"; };
		13B07FB01A68108700A75B9A /* AppDelegate.m */ = {isa = PBXFileReference; fileEncoding = 4; lastKnownFileType = sourcecode.c.objc; name = AppDelegate.m; path = ReduxDemoApp/AppDelegate.m; sourceTree = "<group>"; };
		13B07FB51A68108700A75B9A /* Images.xcassets */ = {isa = PBXFileReference; lastKnownFileType = folder.assetcatalog; name = Images.xcassets; path = ReduxDemoApp/Images.xcassets; sourceTree = "<group>"; };
		13B07FB61A68108700A75B9A /* Info.plist */ = {isa = PBXFileReference; fileEncoding = 4; lastKnownFileType = text.plist.xml; name = Info.plist; path = ReduxDemoApp/Info.plist; sourceTree = "<group>"; };
		13B07FB71A68108700A75B9A /* main.m */ = {isa = PBXFileReference; fileEncoding = 4; lastKnownFileType = sourcecode.c.objc; name = main.m; path = ReduxDemoApp/main.m; sourceTree = "<group>"; };
		14B473EED661860445C3E856 /* Pods-ReduxDemoApp.debug.xcconfig */ = {isa = PBXFileReference; includeInIndex = 1; lastKnownFileType = text.xcconfig; name = "Pods-ReduxDemoApp.debug.xcconfig"; path = "Target Support Files/Pods-ReduxDemoApp/Pods-ReduxDemoApp.debug.xcconfig"; sourceTree = "<group>"; };
		1DC6BBEBDCA24E22BDEF0510 /* Montserrat-MediumItalic.ttf */ = {isa = PBXFileReference; explicitFileType = undefined; fileEncoding = undefined; includeInIndex = 0; lastKnownFileType = unknown; name = "Montserrat-MediumItalic.ttf"; path = "../source/assets/fonts/Montserrat-MediumItalic.ttf"; sourceTree = "<group>"; };
		20349AAEE42642A98288D975 /* Fontisto.ttf */ = {isa = PBXFileReference; explicitFileType = undefined; fileEncoding = undefined; includeInIndex = 0; lastKnownFileType = unknown; name = Fontisto.ttf; path = "../node_modules/native-base/Fonts/Fontisto.ttf"; sourceTree = "<group>"; };
		24EB3DE437514B24B05CDC31 /* Roboto.ttf */ = {isa = PBXFileReference; explicitFileType = undefined; fileEncoding = undefined; includeInIndex = 0; lastKnownFileType = unknown; name = Roboto.ttf; path = "../node_modules/native-base/Fonts/Roboto.ttf"; sourceTree = "<group>"; };
		294CF75E343643668A20CFD1 /* Montserrat-Italic.ttf */ = {isa = PBXFileReference; explicitFileType = undefined; fileEncoding = undefined; includeInIndex = 0; lastKnownFileType = unknown; name = "Montserrat-Italic.ttf"; path = "../source/assets/fonts/Montserrat-Italic.ttf"; sourceTree = "<group>"; };
		2CC55786421D4667BEB643F2 /* Montserrat-ExtraLight.ttf */ = {isa = PBXFileReference; explicitFileType = undefined; fileEncoding = undefined; includeInIndex = 0; lastKnownFileType = unknown; name = "Montserrat-ExtraLight.ttf"; path = "../source/assets/fonts/Montserrat-ExtraLight.ttf"; sourceTree = "<group>"; };
		315908FDDD13462DABF40AE0 /* Montserrat-SemiBold.ttf */ = {isa = PBXFileReference; explicitFileType = undefined; fileEncoding = undefined; includeInIndex = 0; lastKnownFileType = unknown; name = "Montserrat-SemiBold.ttf"; path = "../source/assets/fonts/Montserrat-SemiBold.ttf"; sourceTree = "<group>"; };
		360622503F37409B9062C8E7 /* MaterialCommunityIcons.ttf */ = {isa = PBXFileReference; explicitFileType = undefined; fileEncoding = undefined; includeInIndex = 0; lastKnownFileType = unknown; name = MaterialCommunityIcons.ttf; path = "../node_modules/native-base/Fonts/MaterialCommunityIcons.ttf"; sourceTree = "<group>"; };
		40115456844FE2C38CCE62EB /* Pods-ReduxDemoApp.release.xcconfig */ = {isa = PBXFileReference; includeInIndex = 1; lastKnownFileType = text.xcconfig; name = "Pods-ReduxDemoApp.release.xcconfig"; path = "Target Support Files/Pods-ReduxDemoApp/Pods-ReduxDemoApp.release.xcconfig"; sourceTree = "<group>"; };
		42BF175D9BA0C82ECC210F7A /* libPods-ReduxDemoApp.a */ = {isa = PBXFileReference; explicitFileType = archive.ar; includeInIndex = 0; path = "libPods-ReduxDemoApp.a"; sourceTree = BUILT_PRODUCTS_DIR; };
		4786078C54CDEFB76CDEC3C3 /* Pods-ReduxDemoApp-ReduxDemoAppTests.debug.xcconfig */ = {isa = PBXFileReference; includeInIndex = 1; lastKnownFileType = text.xcconfig; name = "Pods-ReduxDemoApp-ReduxDemoAppTests.debug.xcconfig"; path = "Target Support Files/Pods-ReduxDemoApp-ReduxDemoAppTests/Pods-ReduxDemoApp-ReduxDemoAppTests.debug.xcconfig"; sourceTree = "<group>"; };
		5B51BEFBC977490BBCBBD7B1 /* AntDesign.ttf */ = {isa = PBXFileReference; explicitFileType = undefined; fileEncoding = undefined; includeInIndex = 0; lastKnownFileType = unknown; name = AntDesign.ttf; path = "../node_modules/native-base/Fonts/AntDesign.ttf"; sourceTree = "<group>"; };
		5E457C2ABEED484089C97DDF /* Entypo.ttf */ = {isa = PBXFileReference; explicitFileType = undefined; fileEncoding = undefined; includeInIndex = 0; lastKnownFileType = unknown; name = Entypo.ttf; path = "../node_modules/native-base/Fonts/Entypo.ttf"; sourceTree = "<group>"; };
		6060F9AC19B84D1AB57B5DC3 /* Montserrat-Regular.ttf */ = {isa = PBXFileReference; explicitFileType = undefined; fileEncoding = undefined; includeInIndex = 0; lastKnownFileType = unknown; name = "Montserrat-Regular.ttf"; path = "../source/assets/fonts/Montserrat-Regular.ttf"; sourceTree = "<group>"; };
		61B07FF94BFB4F07BBD4C36A /* Montserrat-Thin.ttf */ = {isa = PBXFileReference; explicitFileType = undefined; fileEncoding = undefined; includeInIndex = 0; lastKnownFileType = unknown; name = "Montserrat-Thin.ttf"; path = "../source/assets/fonts/Montserrat-Thin.ttf"; sourceTree = "<group>"; };
		6C722C77455843B7811A8E2F /* Feather.ttf */ = {isa = PBXFileReference; explicitFileType = undefined; fileEncoding = undefined; includeInIndex = 0; lastKnownFileType = unknown; name = Feather.ttf; path = "../node_modules/native-base/Fonts/Feather.ttf"; sourceTree = "<group>"; };
		7161666BCF8B4837B866186E /* Zocial.ttf */ = {isa = PBXFileReference; explicitFileType = undefined; fileEncoding = undefined; includeInIndex = 0; lastKnownFileType = unknown; name = Zocial.ttf; path = "../node_modules/native-base/Fonts/Zocial.ttf"; sourceTree = "<group>"; };
		771EBD4C3CBF4B3CAA4A2461 /* Montserrat-SemiBoldItalic.ttf */ = {isa = PBXFileReference; explicitFileType = undefined; fileEncoding = undefined; includeInIndex = 0; lastKnownFileType = unknown; name = "Montserrat-SemiBoldItalic.ttf"; path = "../source/assets/fonts/Montserrat-SemiBoldItalic.ttf"; sourceTree = "<group>"; };
		7D61CC3953824205AC9CF676 /* Montserrat-Medium.ttf */ = {isa = PBXFileReference; explicitFileType = undefined; fileEncoding = undefined; includeInIndex = 0; lastKnownFileType = unknown; name = "Montserrat-Medium.ttf"; path = "../source/assets/fonts/Montserrat-Medium.ttf"; sourceTree = "<group>"; };
		7DD75AD158064ECABAF285AD /* Foundation.ttf */ = {isa = PBXFileReference; explicitFileType = undefined; fileEncoding = undefined; includeInIndex = 0; lastKnownFileType = unknown; name = Foundation.ttf; path = "../node_modules/native-base/Fonts/Foundation.ttf"; sourceTree = "<group>"; };
		7FA5194840A64E7E9E9D7B1C /* FontAwesome5_Brands.ttf */ = {isa = PBXFileReference; explicitFileType = undefined; fileEncoding = undefined; includeInIndex = 0; lastKnownFileType = unknown; name = FontAwesome5_Brands.ttf; path = "../node_modules/native-base/Fonts/FontAwesome5_Brands.ttf"; sourceTree = "<group>"; };
		81AB9BB72411601600AC10FF /* LaunchScreen.storyboard */ = {isa = PBXFileReference; fileEncoding = 4; lastKnownFileType = file.storyboard; name = LaunchScreen.storyboard; path = ReduxDemoApp/LaunchScreen.storyboard; sourceTree = "<group>"; };
		8E7F78846ADB42778634D4C3 /* Ionicons.ttf */ = {isa = PBXFileReference; explicitFileType = undefined; fileEncoding = undefined; includeInIndex = 0; lastKnownFileType = unknown; name = Ionicons.ttf; path = "../node_modules/native-base/Fonts/Ionicons.ttf"; sourceTree = "<group>"; };
		A004608DE7282A5BE7397337 /* Pods-ReduxDemoApp-ReduxDemoAppTests.release.xcconfig */ = {isa = PBXFileReference; includeInIndex = 1; lastKnownFileType = text.xcconfig; name = "Pods-ReduxDemoApp-ReduxDemoAppTests.release.xcconfig"; path = "Target Support Files/Pods-ReduxDemoApp-ReduxDemoAppTests/Pods-ReduxDemoApp-ReduxDemoAppTests.release.xcconfig"; sourceTree = "<group>"; };
		A4871BF238FD4E3FB3F2BEF0 /* FontAwesome5_Solid.ttf */ = {isa = PBXFileReference; explicitFileType = undefined; fileEncoding = undefined; includeInIndex = 0; lastKnownFileType = unknown; name = FontAwesome5_Solid.ttf; path = "../node_modules/native-base/Fonts/FontAwesome5_Solid.ttf"; sourceTree = "<group>"; };
		BC1D2E9F519042749ACC2B02 /* rubicon-icon-font.ttf */ = {isa = PBXFileReference; explicitFileType = undefined; fileEncoding = undefined; includeInIndex = 0; lastKnownFileType = unknown; name = "rubicon-icon-font.ttf"; path = "../node_modules/native-base/Fonts/rubicon-icon-font.ttf"; sourceTree = "<group>"; };
		C8065E62048D46934EF284EF /* libPods-ReduxDemoApp-ReduxDemoAppTests.a */ = {isa = PBXFileReference; explicitFileType = archive.ar; includeInIndex = 0; path = "libPods-ReduxDemoApp-ReduxDemoAppTests.a"; sourceTree = BUILT_PRODUCTS_DIR; };
		CD2369A0B96549B39761C4A1 /* SimpleLineIcons.ttf */ = {isa = PBXFileReference; explicitFileType = undefined; fileEncoding = undefined; includeInIndex = 0; lastKnownFileType = unknown; name = SimpleLineIcons.ttf; path = "../node_modules/native-base/Fonts/SimpleLineIcons.ttf"; sourceTree = "<group>"; };
		D11F37179CCB467389DC59A7 /* Montserrat-Bold.ttf */ = {isa = PBXFileReference; explicitFileType = undefined; fileEncoding = undefined; includeInIndex = 0; lastKnownFileType = unknown; name = "Montserrat-Bold.ttf"; path = "../source/assets/fonts/Montserrat-Bold.ttf"; sourceTree = "<group>"; };
		E6AD3CEC2AFE4D46BE88E9AE /* EvilIcons.ttf */ = {isa = PBXFileReference; explicitFileType = undefined; fileEncoding = undefined; includeInIndex = 0; lastKnownFileType = unknown; name = EvilIcons.ttf; path = "../node_modules/native-base/Fonts/EvilIcons.ttf"; sourceTree = "<group>"; };
		E7893D86D2C940A7A43B2F24 /* FontAwesome.ttf */ = {isa = PBXFileReference; explicitFileType = undefined; fileEncoding = undefined; includeInIndex = 0; lastKnownFileType = unknown; name = FontAwesome.ttf; path = "../node_modules/native-base/Fonts/FontAwesome.ttf"; sourceTree = "<group>"; };
		EC64E0E7BDCB4900A4B7DCAD /* Montserrat-Light.ttf */ = {isa = PBXFileReference; explicitFileType = undefined; fileEncoding = undefined; includeInIndex = 0; lastKnownFileType = unknown; name = "Montserrat-Light.ttf"; path = "../source/assets/fonts/Montserrat-Light.ttf"; sourceTree = "<group>"; };
		ED297162215061F000B7C4FE /* JavaScriptCore.framework */ = {isa = PBXFileReference; lastKnownFileType = wrapper.framework; name = JavaScriptCore.framework; path = System/Library/Frameworks/JavaScriptCore.framework; sourceTree = SDKROOT; };
		EDB9C37A2A8042D4A20E70C6 /* FontAwesome5_Regular.ttf */ = {isa = PBXFileReference; explicitFileType = undefined; fileEncoding = undefined; includeInIndex = 0; lastKnownFileType = unknown; name = FontAwesome5_Regular.ttf; path = "../node_modules/native-base/Fonts/FontAwesome5_Regular.ttf"; sourceTree = "<group>"; };
		F1E9A8D886EB4584944F10D9 /* Octicons.ttf */ = {isa = PBXFileReference; explicitFileType = undefined; fileEncoding = undefined; includeInIndex = 0; lastKnownFileType = unknown; name = Octicons.ttf; path = "../node_modules/native-base/Fonts/Octicons.ttf"; sourceTree = "<group>"; };
		FCD3980E23224B27A4ABC706 /* Roboto_medium.ttf */ = {isa = PBXFileReference; explicitFileType = undefined; fileEncoding = undefined; includeInIndex = 0; lastKnownFileType = unknown; name = Roboto_medium.ttf; path = "../node_modules/native-base/Fonts/Roboto_medium.ttf"; sourceTree = "<group>"; };
/* End PBXFileReference section */

/* Begin PBXFrameworksBuildPhase section */
		00E356EB1AD99517003FC87E /* Frameworks */ = {
			isa = PBXFrameworksBuildPhase;
			buildActionMask = 2147483647;
			files = (
				B02C3EECB2990C7A955695D2 /* libPods-ReduxDemoApp-ReduxDemoAppTests.a in Frameworks */,
			);
			runOnlyForDeploymentPostprocessing = 0;
		};
		13B07F8C1A680F5B00A75B9A /* Frameworks */ = {
			isa = PBXFrameworksBuildPhase;
			buildActionMask = 2147483647;
			files = (
				DA53E42955574C19F6F80675 /* libPods-ReduxDemoApp.a in Frameworks */,
			);
			runOnlyForDeploymentPostprocessing = 0;
		};
/* End PBXFrameworksBuildPhase section */

/* Begin PBXGroup section */
		00E356EF1AD99517003FC87E /* ReduxDemoAppTests */ = {
			isa = PBXGroup;
			children = (
				00E356F21AD99517003FC87E /* ReduxDemoAppTests.m */,
				00E356F01AD99517003FC87E /* Supporting Files */,
			);
			path = ReduxDemoAppTests;
			sourceTree = "<group>";
		};
		00E356F01AD99517003FC87E /* Supporting Files */ = {
			isa = PBXGroup;
			children = (
				00E356F11AD99517003FC87E /* Info.plist */,
			);
			name = "Supporting Files";
			sourceTree = "<group>";
		};
		13B07FAE1A68108700A75B9A /* ReduxDemoApp */ = {
			isa = PBXGroup;
			children = (
				13B07FAF1A68108700A75B9A /* AppDelegate.h */,
				13B07FB01A68108700A75B9A /* AppDelegate.m */,
				13B07FB51A68108700A75B9A /* Images.xcassets */,
				13B07FB61A68108700A75B9A /* Info.plist */,
				81AB9BB72411601600AC10FF /* LaunchScreen.storyboard */,
				13B07FB71A68108700A75B9A /* main.m */,
			);
			name = ReduxDemoApp;
			sourceTree = "<group>";
		};
		2D16E6871FA4F8E400B85C8A /* Frameworks */ = {
			isa = PBXGroup;
			children = (
				ED297162215061F000B7C4FE /* JavaScriptCore.framework */,
				42BF175D9BA0C82ECC210F7A /* libPods-ReduxDemoApp.a */,
				C8065E62048D46934EF284EF /* libPods-ReduxDemoApp-ReduxDemoAppTests.a */,
			);
			name = Frameworks;
			sourceTree = "<group>";
		};
		64A03A17BD97C2D341900E9B /* Pods */ = {
			isa = PBXGroup;
			children = (
				14B473EED661860445C3E856 /* Pods-ReduxDemoApp.debug.xcconfig */,
				40115456844FE2C38CCE62EB /* Pods-ReduxDemoApp.release.xcconfig */,
				4786078C54CDEFB76CDEC3C3 /* Pods-ReduxDemoApp-ReduxDemoAppTests.debug.xcconfig */,
				A004608DE7282A5BE7397337 /* Pods-ReduxDemoApp-ReduxDemoAppTests.release.xcconfig */,
			);
			name = Pods;
			path = Pods;
			sourceTree = "<group>";
		};
		832341AE1AAA6A7D00B99B32 /* Libraries */ = {
			isa = PBXGroup;
			children = (
			);
			name = Libraries;
			sourceTree = "<group>";
		};
		83CBB9F61A601CBA00E9B192 = {
			isa = PBXGroup;
			children = (
				13B07FAE1A68108700A75B9A /* ReduxDemoApp */,
				832341AE1AAA6A7D00B99B32 /* Libraries */,
				00E356EF1AD99517003FC87E /* ReduxDemoAppTests */,
				83CBBA001A601CBA00E9B192 /* Products */,
				2D16E6871FA4F8E400B85C8A /* Frameworks */,
				64A03A17BD97C2D341900E9B /* Pods */,
				8DC61453CB434D5784E6AD4D /* Resources */,
			);
			indentWidth = 2;
			sourceTree = "<group>";
			tabWidth = 2;
			usesTabs = 0;
		};
		83CBBA001A601CBA00E9B192 /* Products */ = {
			isa = PBXGroup;
			children = (
				13B07F961A680F5B00A75B9A /* ReduxDemoApp.app */,
				00E356EE1AD99517003FC87E /* ReduxDemoAppTests.xctest */,
			);
			name = Products;
			sourceTree = "<group>";
		};
		8DC61453CB434D5784E6AD4D /* Resources */ = {
			isa = PBXGroup;
			children = (
				5B51BEFBC977490BBCBBD7B1 /* AntDesign.ttf */,
				5E457C2ABEED484089C97DDF /* Entypo.ttf */,
				E6AD3CEC2AFE4D46BE88E9AE /* EvilIcons.ttf */,
				6C722C77455843B7811A8E2F /* Feather.ttf */,
				E7893D86D2C940A7A43B2F24 /* FontAwesome.ttf */,
				7FA5194840A64E7E9E9D7B1C /* FontAwesome5_Brands.ttf */,
				EDB9C37A2A8042D4A20E70C6 /* FontAwesome5_Regular.ttf */,
				A4871BF238FD4E3FB3F2BEF0 /* FontAwesome5_Solid.ttf */,
				20349AAEE42642A98288D975 /* Fontisto.ttf */,
				7DD75AD158064ECABAF285AD /* Foundation.ttf */,
				8E7F78846ADB42778634D4C3 /* Ionicons.ttf */,
				360622503F37409B9062C8E7 /* MaterialCommunityIcons.ttf */,
				0FB19C77A99E4F0D904764CC /* MaterialIcons.ttf */,
				F1E9A8D886EB4584944F10D9 /* Octicons.ttf */,
				FCD3980E23224B27A4ABC706 /* Roboto_medium.ttf */,
				24EB3DE437514B24B05CDC31 /* Roboto.ttf */,
				BC1D2E9F519042749ACC2B02 /* rubicon-icon-font.ttf */,
				CD2369A0B96549B39761C4A1 /* SimpleLineIcons.ttf */,
				7161666BCF8B4837B866186E /* Zocial.ttf */,
				D11F37179CCB467389DC59A7 /* Montserrat-Bold.ttf */,
				2CC55786421D4667BEB643F2 /* Montserrat-ExtraLight.ttf */,
				294CF75E343643668A20CFD1 /* Montserrat-Italic.ttf */,
				EC64E0E7BDCB4900A4B7DCAD /* Montserrat-Light.ttf */,
				7D61CC3953824205AC9CF676 /* Montserrat-Medium.ttf */,
				1DC6BBEBDCA24E22BDEF0510 /* Montserrat-MediumItalic.ttf */,
				6060F9AC19B84D1AB57B5DC3 /* Montserrat-Regular.ttf */,
				315908FDDD13462DABF40AE0 /* Montserrat-SemiBold.ttf */,
				771EBD4C3CBF4B3CAA4A2461 /* Montserrat-SemiBoldItalic.ttf */,
				61B07FF94BFB4F07BBD4C36A /* Montserrat-Thin.ttf */,
			);
			name = Resources;
			path = "";
			sourceTree = "<group>";
		};
/* End PBXGroup section */

/* Begin PBXNativeTarget section */
		00E356ED1AD99517003FC87E /* ReduxDemoAppTests */ = {
			isa = PBXNativeTarget;
			buildConfigurationList = 00E357021AD99517003FC87E /* Build configuration list for PBXNativeTarget "ReduxDemoAppTests" */;
			buildPhases = (
				0B927CCE9A7E37B93E1ACD4E /* [CP] Check Pods Manifest.lock */,
				00E356EA1AD99517003FC87E /* Sources */,
				00E356EB1AD99517003FC87E /* Frameworks */,
				00E356EC1AD99517003FC87E /* Resources */,
				9A0F35460B0260A61C6D9AC8 /* [CP] Copy Pods Resources */,
			);
			buildRules = (
			);
			dependencies = (
				00E356F51AD99517003FC87E /* PBXTargetDependency */,
			);
			name = ReduxDemoAppTests;
			productName = ReduxDemoAppTests;
			productReference = 00E356EE1AD99517003FC87E /* ReduxDemoAppTests.xctest */;
			productType = "com.apple.product-type.bundle.unit-test";
		};
		13B07F861A680F5B00A75B9A /* ReduxDemoApp */ = {
			isa = PBXNativeTarget;
			buildConfigurationList = 13B07F931A680F5B00A75B9A /* Build configuration list for PBXNativeTarget "ReduxDemoApp" */;
			buildPhases = (
				92D90308B149CD5E06042749 /* [CP] Check Pods Manifest.lock */,
				FD10A7F022414F080027D42C /* Start Packager */,
				13B07F871A680F5B00A75B9A /* Sources */,
				13B07F8C1A680F5B00A75B9A /* Frameworks */,
				13B07F8E1A680F5B00A75B9A /* Resources */,
				00DD1BFF1BD5951E006B06BC /* Bundle React Native code and images */,
				D2363F3FA15C079E01EBC450 /* [CP] Copy Pods Resources */,
			);
			buildRules = (
			);
			dependencies = (
			);
			name = ReduxDemoApp;
			productName = ReduxDemoApp;
			productReference = 13B07F961A680F5B00A75B9A /* ReduxDemoApp.app */;
			productType = "com.apple.product-type.application";
		};
/* End PBXNativeTarget section */

/* Begin PBXProject section */
		83CBB9F71A601CBA00E9B192 /* Project object */ = {
			isa = PBXProject;
			attributes = {
				LastUpgradeCheck = 1210;
				TargetAttributes = {
					00E356ED1AD99517003FC87E = {
						CreatedOnToolsVersion = 6.2;
						TestTargetID = 13B07F861A680F5B00A75B9A;
					};
					13B07F861A680F5B00A75B9A = {
						LastSwiftMigration = 1120;
					};
				};
			};
			buildConfigurationList = 83CBB9FA1A601CBA00E9B192 /* Build configuration list for PBXProject "ReduxDemoApp" */;
			compatibilityVersion = "Xcode 12.0";
			developmentRegion = en;
			hasScannedForEncodings = 0;
			knownRegions = (
				en,
				Base,
			);
			mainGroup = 83CBB9F61A601CBA00E9B192;
			productRefGroup = 83CBBA001A601CBA00E9B192 /* Products */;
			projectDirPath = "";
			projectRoot = "";
			targets = (
				13B07F861A680F5B00A75B9A /* ReduxDemoApp */,
				00E356ED1AD99517003FC87E /* ReduxDemoAppTests */,
			);
		};
/* End PBXProject section */

/* Begin PBXResourcesBuildPhase section */
		00E356EC1AD99517003FC87E /* Resources */ = {
			isa = PBXResourcesBuildPhase;
			buildActionMask = 2147483647;
			files = (
			);
			runOnlyForDeploymentPostprocessing = 0;
		};
		13B07F8E1A680F5B00A75B9A /* Resources */ = {
			isa = PBXResourcesBuildPhase;
			buildActionMask = 2147483647;
			files = (
				81AB9BB82411601600AC10FF /* LaunchScreen.storyboard in Resources */,
				13B07FBF1A68108700A75B9A /* Images.xcassets in Resources */,
				6035E0EF3EE549D7AF2FCAC3 /* AntDesign.ttf in Resources */,
				B10B90B524D546A08C099CBA /* Entypo.ttf in Resources */,
				3A918F2D68B44CD594EC832C /* EvilIcons.ttf in Resources */,
				840F70A9459E4211AA503755 /* Feather.ttf in Resources */,
				7E3B3DB10E8A47F0842F0D0D /* FontAwesome.ttf in Resources */,
				D461B3282CB64FCAB2F0666E /* FontAwesome5_Brands.ttf in Resources */,
				6979BA28A3634EF2BBCB04D8 /* FontAwesome5_Regular.ttf in Resources */,
				E3DB27FBB483409AB59347A7 /* FontAwesome5_Solid.ttf in Resources */,
				47A0B387D75D4297BFDBDFB0 /* Fontisto.ttf in Resources */,
				9E1394BE10104CEA8DBF3C58 /* Foundation.ttf in Resources */,
				C18B3FCE67EC4267A4E1CA58 /* Ionicons.ttf in Resources */,
				A1C6D03643B94102BCE113BC /* MaterialCommunityIcons.ttf in Resources */,
				6F9AC35F0BB04F19B332751E /* MaterialIcons.ttf in Resources */,
				86BA04773E79417CB472A70D /* Octicons.ttf in Resources */,
				2DC1563FCC4447F9BC55DB7A /* Roboto_medium.ttf in Resources */,
				F81541A5759F4D9697AA28E5 /* Roboto.ttf in Resources */,
				07BDB5C5CA5C4D2FA095F00B /* rubicon-icon-font.ttf in Resources */,
				3433D5EF762D455FBE8065F0 /* SimpleLineIcons.ttf in Resources */,
				7BD7F2C1608144759C9DE7F7 /* Zocial.ttf in Resources */,
				7FEAF60A895B42CFBAEA32E2 /* Montserrat-Bold.ttf in Resources */,
				9D890CAC26624C398394616C /* Montserrat-ExtraLight.ttf in Resources */,
				E4D9252C09834F98B213EBE0 /* Montserrat-Italic.ttf in Resources */,
				07016B9496C74441814E1546 /* Montserrat-Light.ttf in Resources */,
				A58FF82B1C4A46B3AE2B24E0 /* Montserrat-Medium.ttf in Resources */,
				04CBC0A479E8447CB25F0290 /* Montserrat-MediumItalic.ttf in Resources */,
				F58CBB3FC8694552BABCC353 /* Montserrat-Regular.ttf in Resources */,
				E8284DE238E74E3CBF334F5D /* Montserrat-SemiBold.ttf in Resources */,
				AEB8B77EAA0F4D2CA7889D2C /* Montserrat-SemiBoldItalic.ttf in Resources */,
				4C036985A67D48AF95461A27 /* Montserrat-Thin.ttf in Resources */,
			);
			runOnlyForDeploymentPostprocessing = 0;
		};
/* End PBXResourcesBuildPhase section */

/* Begin PBXShellScriptBuildPhase section */
		00DD1BFF1BD5951E006B06BC /* Bundle React Native code and images */ = {
			isa = PBXShellScriptBuildPhase;
			buildActionMask = 2147483647;
			files = (
			);
			inputPaths = (
			);
			name = "Bundle React Native code and images";
			outputPaths = (
			);
			runOnlyForDeploymentPostprocessing = 0;
			shellPath = /bin/sh;
			shellScript = "set -e\n\nexport NODE_BINARY=node\n../node_modules/react-native/scripts/react-native-xcode.sh\n";
		};
		0B927CCE9A7E37B93E1ACD4E /* [CP] Check Pods Manifest.lock */ = {
			isa = PBXShellScriptBuildPhase;
			buildActionMask = 2147483647;
			files = (
			);
			inputFileListPaths = (
			);
			inputPaths = (
				"${PODS_PODFILE_DIR_PATH}/Podfile.lock",
				"${PODS_ROOT}/Manifest.lock",
			);
			name = "[CP] Check Pods Manifest.lock";
			outputFileListPaths = (
			);
			outputPaths = (
				"$(DERIVED_FILE_DIR)/Pods-ReduxDemoApp-ReduxDemoAppTests-checkManifestLockResult.txt",
			);
			runOnlyForDeploymentPostprocessing = 0;
			shellPath = /bin/sh;
			shellScript = "diff \"${PODS_PODFILE_DIR_PATH}/Podfile.lock\" \"${PODS_ROOT}/Manifest.lock\" > /dev/null\nif [ $? != 0 ] ; then\n    # print error to STDERR\n    echo \"error: The sandbox is not in sync with the Podfile.lock. Run 'pod install' or update your CocoaPods installation.\" >&2\n    exit 1\nfi\n# This output is used by Xcode 'outputs' to avoid re-running this script phase.\necho \"SUCCESS\" > \"${SCRIPT_OUTPUT_FILE_0}\"\n";
			showEnvVarsInLog = 0;
		};
		92D90308B149CD5E06042749 /* [CP] Check Pods Manifest.lock */ = {
			isa = PBXShellScriptBuildPhase;
			buildActionMask = 2147483647;
			files = (
			);
			inputFileListPaths = (
			);
			inputPaths = (
				"${PODS_PODFILE_DIR_PATH}/Podfile.lock",
				"${PODS_ROOT}/Manifest.lock",
			);
			name = "[CP] Check Pods Manifest.lock";
			outputFileListPaths = (
			);
			outputPaths = (
				"$(DERIVED_FILE_DIR)/Pods-ReduxDemoApp-checkManifestLockResult.txt",
			);
			runOnlyForDeploymentPostprocessing = 0;
			shellPath = /bin/sh;
			shellScript = "diff \"${PODS_PODFILE_DIR_PATH}/Podfile.lock\" \"${PODS_ROOT}/Manifest.lock\" > /dev/null\nif [ $? != 0 ] ; then\n    # print error to STDERR\n    echo \"error: The sandbox is not in sync with the Podfile.lock. Run 'pod install' or update your CocoaPods installation.\" >&2\n    exit 1\nfi\n# This output is used by Xcode 'outputs' to avoid re-running this script phase.\necho \"SUCCESS\" > \"${SCRIPT_OUTPUT_FILE_0}\"\n";
			showEnvVarsInLog = 0;
		};
		9A0F35460B0260A61C6D9AC8 /* [CP] Copy Pods Resources */ = {
			isa = PBXShellScriptBuildPhase;
			buildActionMask = 2147483647;
			files = (
			);
			inputFileListPaths = (
				"${PODS_ROOT}/Target Support Files/Pods-ReduxDemoApp-ReduxDemoAppTests/Pods-ReduxDemoApp-ReduxDemoAppTests-resources-${CONFIGURATION}-input-files.xcfilelist",
			);
			name = "[CP] Copy Pods Resources";
			outputFileListPaths = (
				"${PODS_ROOT}/Target Support Files/Pods-ReduxDemoApp-ReduxDemoAppTests/Pods-ReduxDemoApp-ReduxDemoAppTests-resources-${CONFIGURATION}-output-files.xcfilelist",
			);
			runOnlyForDeploymentPostprocessing = 0;
			shellPath = /bin/sh;
			shellScript = "\"${PODS_ROOT}/Target Support Files/Pods-ReduxDemoApp-ReduxDemoAppTests/Pods-ReduxDemoApp-ReduxDemoAppTests-resources.sh\"\n";
			showEnvVarsInLog = 0;
		};
		D2363F3FA15C079E01EBC450 /* [CP] Copy Pods Resources */ = {
			isa = PBXShellScriptBuildPhase;
			buildActionMask = 2147483647;
			files = (
			);
			inputFileListPaths = (
				"${PODS_ROOT}/Target Support Files/Pods-ReduxDemoApp/Pods-ReduxDemoApp-resources-${CONFIGURATION}-input-files.xcfilelist",
			);
			name = "[CP] Copy Pods Resources";
			outputFileListPaths = (
				"${PODS_ROOT}/Target Support Files/Pods-ReduxDemoApp/Pods-ReduxDemoApp-resources-${CONFIGURATION}-output-files.xcfilelist",
			);
			runOnlyForDeploymentPostprocessing = 0;
			shellPath = /bin/sh;
			shellScript = "\"${PODS_ROOT}/Target Support Files/Pods-ReduxDemoApp/Pods-ReduxDemoApp-resources.sh\"\n";
			showEnvVarsInLog = 0;
		};
		FD10A7F022414F080027D42C /* Start Packager */ = {
			isa = PBXShellScriptBuildPhase;
			buildActionMask = 2147483647;
			files = (
			);
			inputFileListPaths = (
			);
			inputPaths = (
			);
			name = "Start Packager";
			outputFileListPaths = (
			);
			outputPaths = (
			);
			runOnlyForDeploymentPostprocessing = 0;
			shellPath = /bin/sh;
			shellScript = "export RCT_METRO_PORT=\"${RCT_METRO_PORT:=8081}\"\necho \"export RCT_METRO_PORT=${RCT_METRO_PORT}\" > \"${SRCROOT}/../node_modules/react-native/scripts/.packager.env\"\nif [ -z \"${RCT_NO_LAUNCH_PACKAGER+xxx}\" ] ; then\n  if nc -w 5 -z localhost ${RCT_METRO_PORT} ; then\n    if ! curl -s \"http://localhost:${RCT_METRO_PORT}/status\" | grep -q \"packager-status:running\" ; then\n      echo \"Port ${RCT_METRO_PORT} already in use, packager is either not running or not running correctly\"\n      exit 2\n    fi\n  else\n    open \"$SRCROOT/../node_modules/react-native/scripts/launchPackager.command\" || echo \"Can't start packager automatically\"\n  fi\nfi\n";
			showEnvVarsInLog = 0;
		};
/* End PBXShellScriptBuildPhase section */

/* Begin PBXSourcesBuildPhase section */
		00E356EA1AD99517003FC87E /* Sources */ = {
			isa = PBXSourcesBuildPhase;
			buildActionMask = 2147483647;
			files = (
				00E356F31AD99517003FC87E /* ReduxDemoAppTests.m in Sources */,
			);
			runOnlyForDeploymentPostprocessing = 0;
		};
		13B07F871A680F5B00A75B9A /* Sources */ = {
			isa = PBXSourcesBuildPhase;
			buildActionMask = 2147483647;
			files = (
				13B07FBC1A68108700A75B9A /* AppDelegate.m in Sources */,
				13B07FC11A68108700A75B9A /* main.m in Sources */,
			);
			runOnlyForDeploymentPostprocessing = 0;
		};
/* End PBXSourcesBuildPhase section */

/* Begin PBXTargetDependency section */
		00E356F51AD99517003FC87E /* PBXTargetDependency */ = {
			isa = PBXTargetDependency;
			target = 13B07F861A680F5B00A75B9A /* ReduxDemoApp */;
			targetProxy = 00E356F41AD99517003FC87E /* PBXContainerItemProxy */;
		};
/* End PBXTargetDependency section */

/* Begin XCBuildConfiguration section */
		00E356F61AD99517003FC87E /* Debug */ = {
			isa = XCBuildConfiguration;
			baseConfigurationReference = 4786078C54CDEFB76CDEC3C3 /* Pods-ReduxDemoApp-ReduxDemoAppTests.debug.xcconfig */;
			buildSettings = {
				BUNDLE_LOADER = "$(TEST_HOST)";
				GCC_PREPROCESSOR_DEFINITIONS = (
					"DEBUG=1",
					"$(inherited)",
				);
				INFOPLIST_FILE = ReduxDemoAppTests/Info.plist;
				IPHONEOS_DEPLOYMENT_TARGET = 10.0;
				LD_RUNPATH_SEARCH_PATHS = (
					"$(inherited)",
					"@executable_path/Frameworks",
					"@loader_path/Frameworks",
				);
				OTHER_LDFLAGS = (
					"-ObjC",
					"-lc++",
					"$(inherited)",
				);
				PRODUCT_BUNDLE_IDENTIFIER = "org.reactjs.native.example.$(PRODUCT_NAME:rfc1034identifier)";
				PRODUCT_NAME = "$(TARGET_NAME)";
				TEST_HOST = "$(BUILT_PRODUCTS_DIR)/ReduxDemoApp.app/ReduxDemoApp";
			};
			name = Debug;
		};
		00E356F71AD99517003FC87E /* Release */ = {
			isa = XCBuildConfiguration;
			baseConfigurationReference = A004608DE7282A5BE7397337 /* Pods-ReduxDemoApp-ReduxDemoAppTests.release.xcconfig */;
			buildSettings = {
				BUNDLE_LOADER = "$(TEST_HOST)";
				COPY_PHASE_STRIP = NO;
				INFOPLIST_FILE = ReduxDemoAppTests/Info.plist;
				IPHONEOS_DEPLOYMENT_TARGET = 10.0;
				LD_RUNPATH_SEARCH_PATHS = (
					"$(inherited)",
					"@executable_path/Frameworks",
					"@loader_path/Frameworks",
				);
				OTHER_LDFLAGS = (
					"-ObjC",
					"-lc++",
					"$(inherited)",
				);
				PRODUCT_BUNDLE_IDENTIFIER = "org.reactjs.native.example.$(PRODUCT_NAME:rfc1034identifier)";
				PRODUCT_NAME = "$(TARGET_NAME)";
				TEST_HOST = "$(BUILT_PRODUCTS_DIR)/ReduxDemoApp.app/ReduxDemoApp";
			};
			name = Release;
		};
		13B07F941A680F5B00A75B9A /* Debug */ = {
			isa = XCBuildConfiguration;
			baseConfigurationReference = 14B473EED661860445C3E856 /* Pods-ReduxDemoApp.debug.xcconfig */;
			buildSettings = {
				ASSETCATALOG_COMPILER_APPICON_NAME = AppIcon;
				CLANG_ENABLE_MODULES = YES;
				CURRENT_PROJECT_VERSION = 1;
				ENABLE_BITCODE = NO;
				INFOPLIST_FILE = ReduxDemoApp/Info.plist;
				LD_RUNPATH_SEARCH_PATHS = (
					"$(inherited)",
					"@executable_path/Frameworks",
				);
				OTHER_LDFLAGS = (
					"$(inherited)",
					"-ObjC",
					"-lc++",
				);
				PRODUCT_BUNDLE_IDENTIFIER = "org.reactjs.native.example.$(PRODUCT_NAME:rfc1034identifier)";
				PRODUCT_NAME = ReduxDemoApp;
				SWIFT_OPTIMIZATION_LEVEL = "-Onone";
				SWIFT_VERSION = 5.0;
				VERSIONING_SYSTEM = "apple-generic";
			};
			name = Debug;
		};
		13B07F951A680F5B00A75B9A /* Release */ = {
			isa = XCBuildConfiguration;
			baseConfigurationReference = 40115456844FE2C38CCE62EB /* Pods-ReduxDemoApp.release.xcconfig */;
			buildSettings = {
				ASSETCATALOG_COMPILER_APPICON_NAME = AppIcon;
				CLANG_ENABLE_MODULES = YES;
				CURRENT_PROJECT_VERSION = 1;
				INFOPLIST_FILE = ReduxDemoApp/Info.plist;
				LD_RUNPATH_SEARCH_PATHS = (
					"$(inherited)",
					"@executable_path/Frameworks",
				);
				OTHER_LDFLAGS = (
					"$(inherited)",
					"-ObjC",
					"-lc++",
				);
				PRODUCT_BUNDLE_IDENTIFIER = "org.reactjs.native.example.$(PRODUCT_NAME:rfc1034identifier)";
				PRODUCT_NAME = ReduxDemoApp;
				SWIFT_VERSION = 5.0;
				VERSIONING_SYSTEM = "apple-generic";
			};
			name = Release;
		};
		83CBBA201A601CBA00E9B192 /* Debug */ = {
			isa = XCBuildConfiguration;
			buildSettings = {
				ALWAYS_SEARCH_USER_PATHS = NO;
				CLANG_ANALYZER_LOCALIZABILITY_NONLOCALIZED = YES;
				CLANG_CXX_LANGUAGE_STANDARD = "gnu++0x";
				CLANG_CXX_LIBRARY = "libc++";
				CLANG_ENABLE_MODULES = YES;
				CLANG_ENABLE_OBJC_ARC = YES;
				CLANG_WARN_BLOCK_CAPTURE_AUTORELEASING = YES;
				CLANG_WARN_BOOL_CONVERSION = YES;
				CLANG_WARN_COMMA = YES;
				CLANG_WARN_CONSTANT_CONVERSION = YES;
				CLANG_WARN_DEPRECATED_OBJC_IMPLEMENTATIONS = YES;
				CLANG_WARN_DIRECT_OBJC_ISA_USAGE = YES_ERROR;
				CLANG_WARN_EMPTY_BODY = YES;
				CLANG_WARN_ENUM_CONVERSION = YES;
				CLANG_WARN_INFINITE_RECURSION = YES;
				CLANG_WARN_INT_CONVERSION = YES;
				CLANG_WARN_NON_LITERAL_NULL_CONVERSION = YES;
				CLANG_WARN_OBJC_IMPLICIT_RETAIN_SELF = YES;
				CLANG_WARN_OBJC_LITERAL_CONVERSION = YES;
				CLANG_WARN_OBJC_ROOT_CLASS = YES_ERROR;
				CLANG_WARN_QUOTED_INCLUDE_IN_FRAMEWORK_HEADER = YES;
				CLANG_WARN_RANGE_LOOP_ANALYSIS = YES;
				CLANG_WARN_STRICT_PROTOTYPES = YES;
				CLANG_WARN_SUSPICIOUS_MOVE = YES;
				CLANG_WARN_UNREACHABLE_CODE = YES;
				CLANG_WARN__DUPLICATE_METHOD_MATCH = YES;
				"CODE_SIGN_IDENTITY[sdk=iphoneos*]" = "iPhone Developer";
				COPY_PHASE_STRIP = NO;
				ENABLE_STRICT_OBJC_MSGSEND = YES;
				ENABLE_TESTABILITY = YES;
				"EXCLUDED_ARCHS[sdk=iphonesimulator*]" = "arm64 ";
				GCC_C_LANGUAGE_STANDARD = gnu99;
				GCC_DYNAMIC_NO_PIC = NO;
				GCC_NO_COMMON_BLOCKS = YES;
				GCC_OPTIMIZATION_LEVEL = 0;
				GCC_PREPROCESSOR_DEFINITIONS = (
					"DEBUG=1",
					"$(inherited)",
				);
				GCC_SYMBOLS_PRIVATE_EXTERN = NO;
				GCC_WARN_64_TO_32_BIT_CONVERSION = YES;
				GCC_WARN_ABOUT_RETURN_TYPE = YES_ERROR;
				GCC_WARN_UNDECLARED_SELECTOR = YES;
				GCC_WARN_UNINITIALIZED_AUTOS = YES_AGGRESSIVE;
				GCC_WARN_UNUSED_FUNCTION = YES;
				GCC_WARN_UNUSED_VARIABLE = YES;
				IPHONEOS_DEPLOYMENT_TARGET = 10.0;
				LD_RUNPATH_SEARCH_PATHS = (
					/usr/lib/swift,
					"$(inherited)",
				);
				LIBRARY_SEARCH_PATHS = (
					"\"$(TOOLCHAIN_DIR)/usr/lib/swift/$(PLATFORM_NAME)\"",
					"\"$(TOOLCHAIN_DIR)/usr/lib/swift-5.0/$(PLATFORM_NAME)\"",
					"\"$(inherited)\"",
				);
				MTL_ENABLE_DEBUG_INFO = YES;
				ONLY_ACTIVE_ARCH = YES;
				SDKROOT = iphoneos;
			};
			name = Debug;
		};
		83CBBA211A601CBA00E9B192 /* Release */ = {
			isa = XCBuildConfiguration;
			buildSettings = {
				ALWAYS_SEARCH_USER_PATHS = NO;
				CLANG_ANALYZER_LOCALIZABILITY_NONLOCALIZED = YES;
				CLANG_CXX_LANGUAGE_STANDARD = "gnu++0x";
				CLANG_CXX_LIBRARY = "libc++";
				CLANG_ENABLE_MODULES = YES;
				CLANG_ENABLE_OBJC_ARC = YES;
				CLANG_WARN_BLOCK_CAPTURE_AUTORELEASING = YES;
				CLANG_WARN_BOOL_CONVERSION = YES;
				CLANG_WARN_COMMA = YES;
				CLANG_WARN_CONSTANT_CONVERSION = YES;
				CLANG_WARN_DEPRECATED_OBJC_IMPLEMENTATIONS = YES;
				CLANG_WARN_DIRECT_OBJC_ISA_USAGE = YES_ERROR;
				CLANG_WARN_EMPTY_BODY = YES;
				CLANG_WARN_ENUM_CONVERSION = YES;
				CLANG_WARN_INFINITE_RECURSION = YES;
				CLANG_WARN_INT_CONVERSION = YES;
				CLANG_WARN_NON_LITERAL_NULL_CONVERSION = YES;
				CLANG_WARN_OBJC_IMPLICIT_RETAIN_SELF = YES;
				CLANG_WARN_OBJC_LITERAL_CONVERSION = YES;
				CLANG_WARN_OBJC_ROOT_CLASS = YES_ERROR;
				CLANG_WARN_QUOTED_INCLUDE_IN_FRAMEWORK_HEADER = YES;
				CLANG_WARN_RANGE_LOOP_ANALYSIS = YES;
				CLANG_WARN_STRICT_PROTOTYPES = YES;
				CLANG_WARN_SUSPICIOUS_MOVE = YES;
				CLANG_WARN_UNREACHABLE_CODE = YES;
				CLANG_WARN__DUPLICATE_METHOD_MATCH = YES;
				"CODE_SIGN_IDENTITY[sdk=iphoneos*]" = "iPhone Developer";
				COPY_PHASE_STRIP = YES;
				ENABLE_NS_ASSERTIONS = NO;
				ENABLE_STRICT_OBJC_MSGSEND = YES;
				"EXCLUDED_ARCHS[sdk=iphonesimulator*]" = "arm64 ";
				GCC_C_LANGUAGE_STANDARD = gnu99;
				GCC_NO_COMMON_BLOCKS = YES;
				GCC_WARN_64_TO_32_BIT_CONVERSION = YES;
				GCC_WARN_ABOUT_RETURN_TYPE = YES_ERROR;
				GCC_WARN_UNDECLARED_SELECTOR = YES;
				GCC_WARN_UNINITIALIZED_AUTOS = YES_AGGRESSIVE;
				GCC_WARN_UNUSED_FUNCTION = YES;
				GCC_WARN_UNUSED_VARIABLE = YES;
				IPHONEOS_DEPLOYMENT_TARGET = 10.0;
				LD_RUNPATH_SEARCH_PATHS = (
					/usr/lib/swift,
					"$(inherited)",
				);
				LIBRARY_SEARCH_PATHS = (
					"\"$(TOOLCHAIN_DIR)/usr/lib/swift/$(PLATFORM_NAME)\"",
					"\"$(TOOLCHAIN_DIR)/usr/lib/swift-5.0/$(PLATFORM_NAME)\"",
					"\"$(inherited)\"",
				);
				MTL_ENABLE_DEBUG_INFO = NO;
				SDKROOT = iphoneos;
				VALIDATE_PRODUCT = YES;
			};
			name = Release;
		};
/* End XCBuildConfiguration section */

/* Begin XCConfigurationList section */
		00E357021AD99517003FC87E /* Build configuration list for PBXNativeTarget "ReduxDemoAppTests" */ = {
			isa = XCConfigurationList;
			buildConfigurations = (
				00E356F61AD99517003FC87E /* Debug */,
				00E356F71AD99517003FC87E /* Release */,
			);
			defaultConfigurationIsVisible = 0;
			defaultConfigurationName = Release;
		};
		13B07F931A680F5B00A75B9A /* Build configuration list for PBXNativeTarget "ReduxDemoApp" */ = {
			isa = XCConfigurationList;
			buildConfigurations = (
				13B07F941A680F5B00A75B9A /* Debug */,
				13B07F951A680F5B00A75B9A /* Release */,
			);
			defaultConfigurationIsVisible = 0;
			defaultConfigurationName = Release;
		};
		83CBB9FA1A601CBA00E9B192 /* Build configuration list for PBXProject "ReduxDemoApp" */ = {
			isa = XCConfigurationList;
			buildConfigurations = (
				83CBBA201A601CBA00E9B192 /* Debug */,
				83CBBA211A601CBA00E9B192 /* Release */,
			);
			defaultConfigurationIsVisible = 0;
			defaultConfigurationName = Release;
		};
/* End XCConfigurationList section */
	};
	rootObject = 83CBB9F71A601CBA00E9B192 /* Project object */;
}
